
Microsoft Visual Studio Solution File, Format Version 12.00
# Visual Studio Version 17
VisualStudioVersion = 17.13.35919.96
MinimumVisualStudioVersion = 10.0.40219.1
Project("{FAE04EC0-301F-11D3-BF4B-00C04F79EFBC}") = "WebApi", "WebApi\WebApi.csproj", "{2EE12272-40FE-42C3-A761-1EC5A7FD743A}"
EndProject
Project("{FAE04EC0-301F-11D3-BF4B-00C04F79EFBC}") = "Core", "Core\Core.csproj", "{923F995F-7246-45BF-AF4F-F1795C912763}"
EndProject
Global
	GlobalSection(SolutionConfigurationPlatforms) = preSolution
		Debug|Any CPU = Debug|Any CPU
		Release|Any CPU = Release|Any CPU
	EndGlobalSection
	GlobalSection(ProjectConfigurationPlatforms) = postSolution
		{2EE12272-40FE-42C3-A761-1EC5A7FD743A}.Debug|Any CPU.ActiveCfg = Debug|Any CPU
		{2EE12272-40FE-42C3-A761-1EC5A7FD743A}.Debug|Any CPU.Build.0 = Debug|Any CPU
		{2EE12272-40FE-42C3-A761-1EC5A7FD743A}.Release|Any CPU.ActiveCfg = Release|Any CPU
		{2EE12272-40FE-42C3-A761-1EC5A7FD743A}.Release|Any CPU.Build.0 = Release|Any CPU
		{923F995F-7246-45BF-AF4F-F1795C912763}.Debug|Any CPU.ActiveCfg = Debug|Any CPU
		{923F995F-7246-45BF-AF4F-F1795C912763}.Debug|Any CPU.Build.0 = Debug|Any CPU
		{923F995F-7246-45BF-AF4F-F1795C912763}.Release|Any CPU.ActiveCfg = Release|Any CPU
		{923F995F-7246-45BF-AF4F-F1795C912763}.Release|Any CPU.Build.0 = Release|Any CPU
	EndGlobalSection
	GlobalSection(SolutionProperties) = preSolution
		HideSolutionNode = FALSE
	EndGlobalSection
	GlobalSection(ExtensibilityGlobals) = postSolution
		SolutionGuid = {FD02BC54-42CF-45B9-97E8-F9E1727618B9}
	EndGlobalSection
EndGlobal
